
Microsoft Visual Studio Solution File, Format Version 12.00
# Visual Studio Version 17
VisualStudioVersion = 17.12.35527.113
MinimumVisualStudioVersion = 10.0.40219.1
Project("{FAE04EC0-301F-11D3-BF4B-00C04F79EFBC}") = "SemLince_WebApi", "SemLince_WebApi\SemLince_WebApi.csproj", "{19051840-AF55-4330-BC4A-67CA00923E3F}"
EndProject
Project("{FAE04EC0-301F-11D3-BF4B-00C04F79EFBC}") = "SemLince_Application", "SemLince_Application\SemLince_Application.csproj", "{0FDC75AF-C26E-43CE-ABF7-767B6136E186}"
EndProject
Project("{FAE04EC0-301F-11D3-BF4B-00C04F79EFBC}") = "SemLince_Domain", "SemLince_Domain\SemLince_Domain.csproj", "{37C538B8-AA41-4958-8D12-44353390397A}"
EndProject
Project("{FAE04EC0-301F-11D3-BF4B-00C04F79EFBC}") = "SemLince_Infrastructure", "SemLince_Infrastructure\SemLince_Infrastructure.csproj", "{379F27D9-685B-46BB-BDDC-9FDBF2F2736B}"
EndProject
Global
	GlobalSection(SolutionConfigurationPlatforms) = preSolution
		Debug|Any CPU = Debug|Any CPU
		Release|Any CPU = Release|Any CPU
	EndGlobalSection
	GlobalSection(ProjectConfigurationPlatforms) = postSolution
		{19051840-AF55-4330-BC4A-67CA00923E3F}.Debug|Any CPU.ActiveCfg = Debug|Any CPU
		{19051840-AF55-4330-BC4A-67CA00923E3F}.Debug|Any CPU.Build.0 = Debug|Any CPU
		{19051840-AF55-4330-BC4A-67CA00923E3F}.Release|Any CPU.ActiveCfg = Release|Any CPU
		{19051840-AF55-4330-BC4A-67CA00923E3F}.Release|Any CPU.Build.0 = Release|Any CPU
		{0FDC75AF-C26E-43CE-ABF7-767B6136E186}.Debug|Any CPU.ActiveCfg = Debug|Any CPU
		{0FDC75AF-C26E-43CE-ABF7-767B6136E186}.Debug|Any CPU.Build.0 = Debug|Any CPU
		{0FDC75AF-C26E-43CE-ABF7-767B6136E186}.Release|Any CPU.ActiveCfg = Release|Any CPU
		{0FDC75AF-C26E-43CE-ABF7-767B6136E186}.Release|Any CPU.Build.0 = Release|Any CPU
		{37C538B8-AA41-4958-8D12-44353390397A}.Debug|Any CPU.ActiveCfg = Debug|Any CPU
		{37C538B8-AA41-4958-8D12-44353390397A}.Debug|Any CPU.Build.0 = Debug|Any CPU
		{37C538B8-AA41-4958-8D12-44353390397A}.Release|Any CPU.ActiveCfg = Release|Any CPU
		{37C538B8-AA41-4958-8D12-44353390397A}.Release|Any CPU.Build.0 = Release|Any CPU
		{379F27D9-685B-46BB-BDDC-9FDBF2F2736B}.Debug|Any CPU.ActiveCfg = Debug|Any CPU
		{379F27D9-685B-46BB-BDDC-9FDBF2F2736B}.Debug|Any CPU.Build.0 = Debug|Any CPU
		{379F27D9-685B-46BB-BDDC-9FDBF2F2736B}.Release|Any CPU.ActiveCfg = Release|Any CPU
		{379F27D9-685B-46BB-BDDC-9FDBF2F2736B}.Release|Any CPU.Build.0 = Release|Any CPU
	EndGlobalSection
	GlobalSection(SolutionProperties) = preSolution
		HideSolutionNode = FALSE
	EndGlobalSection
EndGlobal
